
Microsoft Visual Studio Solution File, Format Version 12.00
# Visual Studio Version 17
VisualStudioVersion = 17.14.37301.10 d17.14
MinimumVisualStudioVersion = 10.0.40219.1
Project("{FAE04EC0-301F-11D3-BF4B-00C04F79EFBC}") = "BibFarmacia", "BibFarmacia\BibFarmacia.csproj", "{A2BD7C16-FB2B-4C2C-B3A2-476341D42FB6}"
EndProject
Project("{FAE04EC0-301F-11D3-BF4B-00C04F79EFBC}") = "AppFarmaciaConsola", "AppFarmaciaConsola\AppFarmaciaConsola.csproj", "{67FC333D-2292-485E-907D-0BF99AFEAE98}"
EndProject
Global
	GlobalSection(SolutionConfigurationPlatforms) = preSolution
		Debug|Any CPU = Debug|Any CPU
		Debug|x64 = Debug|x64
		Debug|x86 = Debug|x86
		Release|Any CPU = Release|Any CPU
		Release|x64 = Release|x64
		Release|x86 = Release|x86
	EndGlobalSection
	GlobalSection(ProjectConfigurationPlatforms) = postSolution
		{A2BD7C16-FB2B-4C2C-B3A2-476341D42FB6}.Debug|Any CPU.ActiveCfg = Debug|Any CPU
		{A2BD7C16-FB2B-4C2C-B3A2-476341D42FB6}.Debug|Any CPU.Build.0 = Debug|Any CPU
		{A2BD7C16-FB2B-4C2C-B3A2-476341D42FB6}.Debug|x64.ActiveCfg = Debug|Any CPU
		{A2BD7C16-FB2B-4C2C-B3A2-476341D42FB6}.Debug|x64.Build.0 = Debug|Any CPU
		{A2BD7C16-FB2B-4C2C-B3A2-476341D42FB6}.Debug|x86.ActiveCfg = Debug|Any CPU
		{A2BD7C16-FB2B-4C2C-B3A2-476341D42FB6}.Debug|x86.Build.0 = Debug|Any CPU
		{A2BD7C16-FB2B-4C2C-B3A2-476341D42FB6}.Release|Any CPU.ActiveCfg = Release|Any CPU
		{A2BD7C16-FB2B-4C2C-B3A2-476341D42FB6}.Release|Any CPU.Build.0 = Release|Any CPU
		{A2BD7C16-FB2B-4C2C-B3A2-476341D42FB6}.Release|x64.ActiveCfg = Release|Any CPU
		{A2BD7C16-FB2B-4C2C-B3A2-476341D42FB6}.Release|x64.Build.0 = Release|Any CPU
		{A2BD7C16-FB2B-4C2C-B3A2-476341D42FB6}.Release|x86.ActiveCfg = Release|Any CPU
		{A2BD7C16-FB2B-4C2C-B3A2-476341D42FB6}.Release|x86.Build.0 = Release|Any CPU
		{67FC333D-2292-485E-907D-0BF99AFEAE98}.Debug|Any CPU.ActiveCfg = Debug|Any CPU
		{67FC333D-2292-485E-907D-0BF99AFEAE98}.Debug|Any CPU.Build.0 = Debug|Any CPU
		{67FC333D-2292-485E-907D-0BF99AFEAE98}.Debug|x64.ActiveCfg = Debug|Any CPU
		{67FC333D-2292-485E-907D-0BF99AFEAE98}.Debug|x64.Build.0 = Debug|Any CPU
		{67FC333D-2292-485E-907D-0BF99AFEAE98}.Debug|x86.ActiveCfg = Debug|Any CPU
		{67FC333D-2292-485E-907D-0BF99AFEAE98}.Debug|x86.Build.0 = Debug|Any CPU
		{67FC333D-2292-485E-907D-0BF99AFEAE98}.Release|Any CPU.ActiveCfg = Release|Any CPU
		{67FC333D-2292-485E-907D-0BF99AFEAE98}.Release|Any CPU.Build.0 = Release|Any CPU
		{67FC333D-2292-485E-907D-0BF99AFEAE98}.Release|x64.ActiveCfg = Release|Any CPU
		{67FC333D-2292-485E-907D-0BF99AFEAE98}.Release|x64.Build.0 = Release|Any CPU
		{67FC333D-2292-485E-907D-0BF99AFEAE98}.Release|x86.ActiveCfg = Release|Any CPU
		{67FC333D-2292-485E-907D-0BF99AFEAE98}.Release|x86.Build.0 = Release|Any CPU
	EndGlobalSection
	GlobalSection(SolutionProperties) = preSolution
		HideSolutionNode = FALSE
	EndGlobalSection
	GlobalSection(ExtensibilityGlobals) = postSolution
		SolutionGuid = {371DE372-FA7F-454E-91CE-9565C2AD8F7A}
	EndGlobalSection
EndGlobal
